
Microsoft Visual Studio Solution File, Format Version 12.00
# Visual Studio Version 18
VisualStudioVersion = 18.4.11626.88 stable
MinimumVisualStudioVersion = 10.0.40219.1
Project("{FAE04EC0-301F-11D3-BF4B-00C04F79EFBC}") = "SmartShoppingAssistant", "SmartShoppingAssistant.csproj", "{2EF24530-8945-3336-1AEC-DB1A129AA772}"
EndProject
Global
	GlobalSection(SolutionConfigurationPlatforms) = preSolution
		Debug|Any CPU = Debug|Any CPU
		Release|Any CPU = Release|Any CPU
	EndGlobalSection
	GlobalSection(ProjectConfigurationPlatforms) = postSolution
		{2EF24530-8945-3336-1AEC-DB1A129AA772}.Debug|Any CPU.ActiveCfg = Debug|Any CPU
		{2EF24530-8945-3336-1AEC-DB1A129AA772}.Debug|Any CPU.Build.0 = Debug|Any CPU
		{2EF24530-8945-3336-1AEC-DB1A129AA772}.Release|Any CPU.ActiveCfg = Release|Any CPU
		{2EF24530-8945-3336-1AEC-DB1A129AA772}.Release|Any CPU.Build.0 = Release|Any CPU
	EndGlobalSection
	GlobalSection(SolutionProperties) = preSolution
		HideSolutionNode = FALSE
	EndGlobalSection
	GlobalSection(ExtensibilityGlobals) = postSolution
		SolutionGuid = {A4308069-8F95-4090-8FDB-9363F21D3E51}
	EndGlobalSection
EndGlobal
